
Microsoft Visual Studio Solution File, Format Version 12.00
# Visual Studio Version 16
VisualStudioVersion = 16.0.31702.278
MinimumVisualStudioVersion = 10.0.40219.1
Project("{9A19103F-16F7-4668-BE54-9A1E7A4F7556}") = "Day1", "Day1\Day1.csproj", "{F9952144-F724-4FB1-A26B-EF120E5FA984}"
EndProject
Project("{9A19103F-16F7-4668-BE54-9A1E7A4F7556}") = "Day2", "Day2\Day2.csproj", "{50954AB1-244D-4CA0-9AAB-2F1B03FD5362}"
EndProject
Project("{9A19103F-16F7-4668-BE54-9A1E7A4F7556}") = "Common", "..\common\Common.csproj", "{B823F2BE-785A-47E6-B72B-FB27D401F1D0}"
EndProject
Project("{9A19103F-16F7-4668-BE54-9A1E7A4F7556}") = "Day3", "Day3\Day3.csproj", "{A134C28E-7AFE-42B2-9400-306CC41D3424}"
EndProject
Project("{9A19103F-16F7-4668-BE54-9A1E7A4F7556}") = "Day4", "Day4\Day4.csproj", "{20F8DC91-8189-4CC3-BE88-12724B86557F}"
EndProject
Project("{9A19103F-16F7-4668-BE54-9A1E7A4F7556}") = "Day5", "Day5\Day5.csproj", "{FBAAB902-80E2-44C6-AEA9-C67DD26C38DA}"
EndProject
Project("{9A19103F-16F7-4668-BE54-9A1E7A4F7556}") = "Day6", "Day6\Day6.csproj", "{34D1AD46-7B8C-4696-AA7B-4AAED7275717}"
EndProject
Project("{9A19103F-16F7-4668-BE54-9A1E7A4F7556}") = "Day7", "Day7\Day7.csproj", "{07542C19-350D-492C-B758-91E80C65676F}"
EndProject
Project("{9A19103F-16F7-4668-BE54-9A1E7A4F7556}") = "Day8", "Day8\Day8.csproj", "{A1037FDA-BE56-426F-AD23-3DEA89C092CF}"
EndProject
Project("{9A19103F-16F7-4668-BE54-9A1E7A4F7556}") = "Day9", "Day9\Day9.csproj", "{3F2BD70B-C97D-4040-BD33-6685D08CBA4E}"
EndProject
Project("{9A19103F-16F7-4668-BE54-9A1E7A4F7556}") = "Day10", "Day10\Day10.csproj", "{828A8774-236C-4128-B5FE-9837DD5F82D4}"
EndProject
Project("{FAE04EC0-301F-11D3-BF4B-00C04F79EFBC}") = "Day11", "Day11\Day11.csproj", "{9A6C5145-64D5-4C06-B789-1AF65F7AFC89}"
EndProject
Global
	GlobalSection(SolutionConfigurationPlatforms) = preSolution
		Debug|Any CPU = Debug|Any CPU
		Release|Any CPU = Release|Any CPU
	EndGlobalSection
	GlobalSection(ProjectConfigurationPlatforms) = postSolution
		{F9952144-F724-4FB1-A26B-EF120E5FA984}.Debug|Any CPU.ActiveCfg = Debug|Any CPU
		{F9952144-F724-4FB1-A26B-EF120E5FA984}.Debug|Any CPU.Build.0 = Debug|Any CPU
		{F9952144-F724-4FB1-A26B-EF120E5FA984}.Release|Any CPU.ActiveCfg = Release|Any CPU
		{F9952144-F724-4FB1-A26B-EF120E5FA984}.Release|Any CPU.Build.0 = Release|Any CPU
		{50954AB1-244D-4CA0-9AAB-2F1B03FD5362}.Debug|Any CPU.ActiveCfg = Debug|Any CPU
		{50954AB1-244D-4CA0-9AAB-2F1B03FD5362}.Debug|Any CPU.Build.0 = Debug|Any CPU
		{50954AB1-244D-4CA0-9AAB-2F1B03FD5362}.Release|Any CPU.ActiveCfg = Release|Any CPU
		{50954AB1-244D-4CA0-9AAB-2F1B03FD5362}.Release|Any CPU.Build.0 = Release|Any CPU
		{B823F2BE-785A-47E6-B72B-FB27D401F1D0}.Debug|Any CPU.ActiveCfg = Debug|Any CPU
		{B823F2BE-785A-47E6-B72B-FB27D401F1D0}.Debug|Any CPU.Build.0 = Debug|Any CPU
		{B823F2BE-785A-47E6-B72B-FB27D401F1D0}.Release|Any CPU.ActiveCfg = Release|Any CPU
		{B823F2BE-785A-47E6-B72B-FB27D401F1D0}.Release|Any CPU.Build.0 = Release|Any CPU
		{A134C28E-7AFE-42B2-9400-306CC41D3424}.Debug|Any CPU.ActiveCfg = Debug|Any CPU
		{A134C28E-7AFE-42B2-9400-306CC41D3424}.Debug|Any CPU.Build.0 = Debug|Any CPU
		{A134C28E-7AFE-42B2-9400-306CC41D3424}.Release|Any CPU.ActiveCfg = Release|Any CPU
		{A134C28E-7AFE-42B2-9400-306CC41D3424}.Release|Any CPU.Build.0 = Release|Any CPU
		{20F8DC91-8189-4CC3-BE88-12724B86557F}.Debug|Any CPU.ActiveCfg = Debug|Any CPU
		{20F8DC91-8189-4CC3-BE88-12724B86557F}.Debug|Any CPU.Build.0 = Debug|Any CPU
		{20F8DC91-8189-4CC3-BE88-12724B86557F}.Release|Any CPU.ActiveCfg = Release|Any CPU
		{20F8DC91-8189-4CC3-BE88-12724B86557F}.Release|Any CPU.Build.0 = Release|Any CPU
		{FBAAB902-80E2-44C6-AEA9-C67DD26C38DA}.Debug|Any CPU.ActiveCfg = Debug|Any CPU
		{FBAAB902-80E2-44C6-AEA9-C67DD26C38DA}.Debug|Any CPU.Build.0 = Debug|Any CPU
		{FBAAB902-80E2-44C6-AEA9-C67DD26C38DA}.Release|Any CPU.ActiveCfg = Release|Any CPU
		{FBAAB902-80E2-44C6-AEA9-C67DD26C38DA}.Release|Any CPU.Build.0 = Release|Any CPU
		{34D1AD46-7B8C-4696-AA7B-4AAED7275717}.Debug|Any CPU.ActiveCfg = Debug|Any CPU
		{34D1AD46-7B8C-4696-AA7B-4AAED7275717}.Debug|Any CPU.Build.0 = Debug|Any CPU
		{34D1AD46-7B8C-4696-AA7B-4AAED7275717}.Release|Any CPU.ActiveCfg = Release|Any CPU
		{34D1AD46-7B8C-4696-AA7B-4AAED7275717}.Release|Any CPU.Build.0 = Release|Any CPU
		{07542C19-350D-492C-B758-91E80C65676F}.Debug|Any CPU.ActiveCfg = Debug|Any CPU
		{07542C19-350D-492C-B758-91E80C65676F}.Debug|Any CPU.Build.0 = Debug|Any CPU
		{07542C19-350D-492C-B758-91E80C65676F}.Release|Any CPU.ActiveCfg = Release|Any CPU
		{07542C19-350D-492C-B758-91E80C65676F}.Release|Any CPU.Build.0 = Release|Any CPU
		{A1037FDA-BE56-426F-AD23-3DEA89C092CF}.Debug|Any CPU.ActiveCfg = Debug|Any CPU
		{A1037FDA-BE56-426F-AD23-3DEA89C092CF}.Debug|Any CPU.Build.0 = Debug|Any CPU
		{A1037FDA-BE56-426F-AD23-3DEA89C092CF}.Release|Any CPU.ActiveCfg = Release|Any CPU
		{A1037FDA-BE56-426F-AD23-3DEA89C092CF}.Release|Any CPU.Build.0 = Release|Any CPU
		{3F2BD70B-C97D-4040-BD33-6685D08CBA4E}.Debug|Any CPU.ActiveCfg = Debug|Any CPU
		{3F2BD70B-C97D-4040-BD33-6685D08CBA4E}.Debug|Any CPU.Build.0 = Debug|Any CPU
		{3F2BD70B-C97D-4040-BD33-6685D08CBA4E}.Release|Any CPU.ActiveCfg = Release|Any CPU
		{3F2BD70B-C97D-4040-BD33-6685D08CBA4E}.Release|Any CPU.Build.0 = Release|Any CPU
		{828A8774-236C-4128-B5FE-9837DD5F82D4}.Debug|Any CPU.ActiveCfg = Debug|Any CPU
		{828A8774-236C-4128-B5FE-9837DD5F82D4}.Debug|Any CPU.Build.0 = Debug|Any CPU
		{828A8774-236C-4128-B5FE-9837DD5F82D4}.Release|Any CPU.ActiveCfg = Release|Any CPU
		{828A8774-236C-4128-B5FE-9837DD5F82D4}.Release|Any CPU.Build.0 = Release|Any CPU
		{9A6C5145-64D5-4C06-B789-1AF65F7AFC89}.Debug|Any CPU.ActiveCfg = Debug|Any CPU
		{9A6C5145-64D5-4C06-B789-1AF65F7AFC89}.Debug|Any CPU.Build.0 = Debug|Any CPU
		{9A6C5145-64D5-4C06-B789-1AF65F7AFC89}.Release|Any CPU.ActiveCfg = Release|Any CPU
		{9A6C5145-64D5-4C06-B789-1AF65F7AFC89}.Release|Any CPU.Build.0 = Release|Any CPU
	EndGlobalSection
	GlobalSection(SolutionProperties) = preSolution
		HideSolutionNode = FALSE
	EndGlobalSection
	GlobalSection(ExtensibilityGlobals) = postSolution
		SolutionGuid = {783117A0-7800-46E8-AD83-2C7BDDC4D387}
	EndGlobalSection
EndGlobal
