
Microsoft Visual Studio Solution File, Format Version 12.00
# Visual Studio Version 17
VisualStudioVersion = 17.2.32630.192
MinimumVisualStudioVersion = 10.0.40219.1
Project("{9A19103F-16F7-4668-BE54-9A1E7A4F7556}") = "Day1", "Day1\Day1.csproj", "{F9952144-F724-4FB1-A26B-EF120E5FA984}"
EndProject
Project("{9A19103F-16F7-4668-BE54-9A1E7A4F7556}") = "Common", "..\common\Common.csproj", "{B823F2BE-785A-47E6-B72B-FB27D401F1D0}"
EndProject
Project("{9A19103F-16F7-4668-BE54-9A1E7A4F7556}") = "Day2", "Day2\Day2.csproj", "{94C40258-72EF-4ADF-8647-DD7438AD2153}"
EndProject
Project("{9A19103F-16F7-4668-BE54-9A1E7A4F7556}") = "Day3", "Day3\Day3.csproj", "{9769527E-D203-44D1-8AFF-2DC0EA1A05A4}"
EndProject
Project("{9A19103F-16F7-4668-BE54-9A1E7A4F7556}") = "Day4", "Day4\Day4.csproj", "{B7F2A798-DF4E-4237-A0C2-5CC390881779}"
EndProject
Project("{9A19103F-16F7-4668-BE54-9A1E7A4F7556}") = "Day5", "Day5\Day5.csproj", "{7DED58CF-68E8-46E1-9139-1A4819ABFF69}"
EndProject
Project("{9A19103F-16F7-4668-BE54-9A1E7A4F7556}") = "Day6", "Day6\Day6.csproj", "{20A8B9E2-D081-4929-A720-1F8A3C494FE1}"
EndProject
Project("{9A19103F-16F7-4668-BE54-9A1E7A4F7556}") = "Day7", "Day7\Day7.csproj", "{B9B62CF1-90FE-4032-AC1B-5B7B1DEC639D}"
EndProject
Project("{9A19103F-16F7-4668-BE54-9A1E7A4F7556}") = "Day8", "Day8\Day8.csproj", "{6897A22A-4E09-4666-A24C-5A46CFB838E4}"
EndProject
Project("{9A19103F-16F7-4668-BE54-9A1E7A4F7556}") = "Day9", "Day9\Day9.csproj", "{67572616-6F88-46D4-9AA7-C21A3B427837}"
EndProject
Project("{9A19103F-16F7-4668-BE54-9A1E7A4F7556}") = "Day10", "Day10\Day10.csproj", "{DE2E13CA-792D-45AE-AC9A-32F3ACB5816A}"
EndProject
Project("{9A19103F-16F7-4668-BE54-9A1E7A4F7556}") = "Day11", "Day11\Day11.csproj", "{94E0C148-E91B-4476-BA2E-3EA52DD83331}"
EndProject
Project("{9A19103F-16F7-4668-BE54-9A1E7A4F7556}") = "Day12", "Day12\Day12.csproj", "{66CD56F6-7133-4BD8-84BB-6DC3029CF837}"
EndProject
Project("{9A19103F-16F7-4668-BE54-9A1E7A4F7556}") = "Day13", "Day13\Day13.csproj", "{A0F0CFCB-CEC4-4432-9736-C0CEB32F4F1D}"
EndProject
Project("{9A19103F-16F7-4668-BE54-9A1E7A4F7556}") = "Day14", "Day14\Day14.csproj", "{DB4B2BFC-9EED-4A81-8A8D-A42D14D24E60}"
EndProject
Project("{9A19103F-16F7-4668-BE54-9A1E7A4F7556}") = "Day15", "Day15\Day15.csproj", "{0481B778-E727-4F36-99A2-8C00BE60C077}"
EndProject
Project("{9A19103F-16F7-4668-BE54-9A1E7A4F7556}") = "Day16", "Day16\Day16.csproj", "{D31CB692-CCE1-4EF2-A9BA-3C62280E4999}"
EndProject
Project("{9A19103F-16F7-4668-BE54-9A1E7A4F7556}") = "Day17", "Day17\Day17.csproj", "{ECA2CD42-2E72-4676-8A59-9283C83473FC}"
EndProject
Project("{9A19103F-16F7-4668-BE54-9A1E7A4F7556}") = "Day18", "Day18\Day18.csproj", "{0EB91F3B-DE2F-4461-8B98-75B1D36FDDA4}"
EndProject
Project("{9A19103F-16F7-4668-BE54-9A1E7A4F7556}") = "Day19", "Day19\Day19.csproj", "{3632DA57-D108-46F8-A9FB-CC8DD2657712}"
EndProject
Project("{FAE04EC0-301F-11D3-BF4B-00C04F79EFBC}") = "Day20", "Day20\Day20.csproj", "{51B880E0-F29A-43CC-AA33-FC1D08511F34}"
EndProject
Global
	GlobalSection(SolutionConfigurationPlatforms) = preSolution
		Debug|Any CPU = Debug|Any CPU
		Release|Any CPU = Release|Any CPU
	EndGlobalSection
	GlobalSection(ProjectConfigurationPlatforms) = postSolution
		{F9952144-F724-4FB1-A26B-EF120E5FA984}.Debug|Any CPU.ActiveCfg = Debug|Any CPU
		{F9952144-F724-4FB1-A26B-EF120E5FA984}.Debug|Any CPU.Build.0 = Debug|Any CPU
		{F9952144-F724-4FB1-A26B-EF120E5FA984}.Release|Any CPU.ActiveCfg = Release|Any CPU
		{F9952144-F724-4FB1-A26B-EF120E5FA984}.Release|Any CPU.Build.0 = Release|Any CPU
		{B823F2BE-785A-47E6-B72B-FB27D401F1D0}.Debug|Any CPU.ActiveCfg = Debug|Any CPU
		{B823F2BE-785A-47E6-B72B-FB27D401F1D0}.Debug|Any CPU.Build.0 = Debug|Any CPU
		{B823F2BE-785A-47E6-B72B-FB27D401F1D0}.Release|Any CPU.ActiveCfg = Release|Any CPU
		{B823F2BE-785A-47E6-B72B-FB27D401F1D0}.Release|Any CPU.Build.0 = Release|Any CPU
		{94C40258-72EF-4ADF-8647-DD7438AD2153}.Debug|Any CPU.ActiveCfg = Debug|Any CPU
		{94C40258-72EF-4ADF-8647-DD7438AD2153}.Debug|Any CPU.Build.0 = Debug|Any CPU
		{94C40258-72EF-4ADF-8647-DD7438AD2153}.Release|Any CPU.ActiveCfg = Release|Any CPU
		{94C40258-72EF-4ADF-8647-DD7438AD2153}.Release|Any CPU.Build.0 = Release|Any CPU
		{9769527E-D203-44D1-8AFF-2DC0EA1A05A4}.Debug|Any CPU.ActiveCfg = Debug|Any CPU
		{9769527E-D203-44D1-8AFF-2DC0EA1A05A4}.Debug|Any CPU.Build.0 = Debug|Any CPU
		{9769527E-D203-44D1-8AFF-2DC0EA1A05A4}.Release|Any CPU.ActiveCfg = Release|Any CPU
		{9769527E-D203-44D1-8AFF-2DC0EA1A05A4}.Release|Any CPU.Build.0 = Release|Any CPU
		{B7F2A798-DF4E-4237-A0C2-5CC390881779}.Debug|Any CPU.ActiveCfg = Debug|Any CPU
		{B7F2A798-DF4E-4237-A0C2-5CC390881779}.Debug|Any CPU.Build.0 = Debug|Any CPU
		{B7F2A798-DF4E-4237-A0C2-5CC390881779}.Release|Any CPU.ActiveCfg = Release|Any CPU
		{B7F2A798-DF4E-4237-A0C2-5CC390881779}.Release|Any CPU.Build.0 = Release|Any CPU
		{7DED58CF-68E8-46E1-9139-1A4819ABFF69}.Debug|Any CPU.ActiveCfg = Debug|Any CPU
		{7DED58CF-68E8-46E1-9139-1A4819ABFF69}.Debug|Any CPU.Build.0 = Debug|Any CPU
		{7DED58CF-68E8-46E1-9139-1A4819ABFF69}.Release|Any CPU.ActiveCfg = Release|Any CPU
		{7DED58CF-68E8-46E1-9139-1A4819ABFF69}.Release|Any CPU.Build.0 = Release|Any CPU
		{20A8B9E2-D081-4929-A720-1F8A3C494FE1}.Debug|Any CPU.ActiveCfg = Debug|Any CPU
		{20A8B9E2-D081-4929-A720-1F8A3C494FE1}.Debug|Any CPU.Build.0 = Debug|Any CPU
		{20A8B9E2-D081-4929-A720-1F8A3C494FE1}.Release|Any CPU.ActiveCfg = Release|Any CPU
		{20A8B9E2-D081-4929-A720-1F8A3C494FE1}.Release|Any CPU.Build.0 = Release|Any CPU
		{B9B62CF1-90FE-4032-AC1B-5B7B1DEC639D}.Debug|Any CPU.ActiveCfg = Debug|Any CPU
		{B9B62CF1-90FE-4032-AC1B-5B7B1DEC639D}.Debug|Any CPU.Build.0 = Debug|Any CPU
		{B9B62CF1-90FE-4032-AC1B-5B7B1DEC639D}.Release|Any CPU.ActiveCfg = Release|Any CPU
		{B9B62CF1-90FE-4032-AC1B-5B7B1DEC639D}.Release|Any CPU.Build.0 = Release|Any CPU
		{6897A22A-4E09-4666-A24C-5A46CFB838E4}.Debug|Any CPU.ActiveCfg = Debug|Any CPU
		{6897A22A-4E09-4666-A24C-5A46CFB838E4}.Debug|Any CPU.Build.0 = Debug|Any CPU
		{6897A22A-4E09-4666-A24C-5A46CFB838E4}.Release|Any CPU.ActiveCfg = Release|Any CPU
		{6897A22A-4E09-4666-A24C-5A46CFB838E4}.Release|Any CPU.Build.0 = Release|Any CPU
		{67572616-6F88-46D4-9AA7-C21A3B427837}.Debug|Any CPU.ActiveCfg = Debug|Any CPU
		{67572616-6F88-46D4-9AA7-C21A3B427837}.Debug|Any CPU.Build.0 = Debug|Any CPU
		{67572616-6F88-46D4-9AA7-C21A3B427837}.Release|Any CPU.ActiveCfg = Release|Any CPU
		{67572616-6F88-46D4-9AA7-C21A3B427837}.Release|Any CPU.Build.0 = Release|Any CPU
		{DE2E13CA-792D-45AE-AC9A-32F3ACB5816A}.Debug|Any CPU.ActiveCfg = Debug|Any CPU
		{DE2E13CA-792D-45AE-AC9A-32F3ACB5816A}.Debug|Any CPU.Build.0 = Debug|Any CPU
		{DE2E13CA-792D-45AE-AC9A-32F3ACB5816A}.Release|Any CPU.ActiveCfg = Release|Any CPU
		{DE2E13CA-792D-45AE-AC9A-32F3ACB5816A}.Release|Any CPU.Build.0 = Release|Any CPU
		{94E0C148-E91B-4476-BA2E-3EA52DD83331}.Debug|Any CPU.ActiveCfg = Debug|Any CPU
		{94E0C148-E91B-4476-BA2E-3EA52DD83331}.Debug|Any CPU.Build.0 = Debug|Any CPU
		{94E0C148-E91B-4476-BA2E-3EA52DD83331}.Release|Any CPU.ActiveCfg = Release|Any CPU
		{94E0C148-E91B-4476-BA2E-3EA52DD83331}.Release|Any CPU.Build.0 = Release|Any CPU
		{66CD56F6-7133-4BD8-84BB-6DC3029CF837}.Debug|Any CPU.ActiveCfg = Debug|Any CPU
		{66CD56F6-7133-4BD8-84BB-6DC3029CF837}.Debug|Any CPU.Build.0 = Debug|Any CPU
		{66CD56F6-7133-4BD8-84BB-6DC3029CF837}.Release|Any CPU.ActiveCfg = Release|Any CPU
		{66CD56F6-7133-4BD8-84BB-6DC3029CF837}.Release|Any CPU.Build.0 = Release|Any CPU
		{A0F0CFCB-CEC4-4432-9736-C0CEB32F4F1D}.Debug|Any CPU.ActiveCfg = Debug|Any CPU
		{A0F0CFCB-CEC4-4432-9736-C0CEB32F4F1D}.Debug|Any CPU.Build.0 = Debug|Any CPU
		{A0F0CFCB-CEC4-4432-9736-C0CEB32F4F1D}.Release|Any CPU.ActiveCfg = Release|Any CPU
		{A0F0CFCB-CEC4-4432-9736-C0CEB32F4F1D}.Release|Any CPU.Build.0 = Release|Any CPU
		{DB4B2BFC-9EED-4A81-8A8D-A42D14D24E60}.Debug|Any CPU.ActiveCfg = Debug|Any CPU
		{DB4B2BFC-9EED-4A81-8A8D-A42D14D24E60}.Debug|Any CPU.Build.0 = Debug|Any CPU
		{DB4B2BFC-9EED-4A81-8A8D-A42D14D24E60}.Release|Any CPU.ActiveCfg = Release|Any CPU
		{DB4B2BFC-9EED-4A81-8A8D-A42D14D24E60}.Release|Any CPU.Build.0 = Release|Any CPU
		{0481B778-E727-4F36-99A2-8C00BE60C077}.Debug|Any CPU.ActiveCfg = Debug|Any CPU
		{0481B778-E727-4F36-99A2-8C00BE60C077}.Debug|Any CPU.Build.0 = Debug|Any CPU
		{0481B778-E727-4F36-99A2-8C00BE60C077}.Release|Any CPU.ActiveCfg = Release|Any CPU
		{0481B778-E727-4F36-99A2-8C00BE60C077}.Release|Any CPU.Build.0 = Release|Any CPU
		{D31CB692-CCE1-4EF2-A9BA-3C62280E4999}.Debug|Any CPU.ActiveCfg = Debug|Any CPU
		{D31CB692-CCE1-4EF2-A9BA-3C62280E4999}.Debug|Any CPU.Build.0 = Debug|Any CPU
		{D31CB692-CCE1-4EF2-A9BA-3C62280E4999}.Release|Any CPU.ActiveCfg = Release|Any CPU
		{D31CB692-CCE1-4EF2-A9BA-3C62280E4999}.Release|Any CPU.Build.0 = Release|Any CPU
		{ECA2CD42-2E72-4676-8A59-9283C83473FC}.Debug|Any CPU.ActiveCfg = Debug|Any CPU
		{ECA2CD42-2E72-4676-8A59-9283C83473FC}.Debug|Any CPU.Build.0 = Debug|Any CPU
		{ECA2CD42-2E72-4676-8A59-9283C83473FC}.Release|Any CPU.ActiveCfg = Release|Any CPU
		{ECA2CD42-2E72-4676-8A59-9283C83473FC}.Release|Any CPU.Build.0 = Release|Any CPU
		{0EB91F3B-DE2F-4461-8B98-75B1D36FDDA4}.Debug|Any CPU.ActiveCfg = Debug|Any CPU
		{0EB91F3B-DE2F-4461-8B98-75B1D36FDDA4}.Debug|Any CPU.Build.0 = Debug|Any CPU
		{0EB91F3B-DE2F-4461-8B98-75B1D36FDDA4}.Release|Any CPU.ActiveCfg = Release|Any CPU
		{0EB91F3B-DE2F-4461-8B98-75B1D36FDDA4}.Release|Any CPU.Build.0 = Release|Any CPU
		{3632DA57-D108-46F8-A9FB-CC8DD2657712}.Debug|Any CPU.ActiveCfg = Debug|Any CPU
		{3632DA57-D108-46F8-A9FB-CC8DD2657712}.Debug|Any CPU.Build.0 = Debug|Any CPU
		{3632DA57-D108-46F8-A9FB-CC8DD2657712}.Release|Any CPU.ActiveCfg = Release|Any CPU
		{3632DA57-D108-46F8-A9FB-CC8DD2657712}.Release|Any CPU.Build.0 = Release|Any CPU
		{51B880E0-F29A-43CC-AA33-FC1D08511F34}.Debug|Any CPU.ActiveCfg = Debug|Any CPU
		{51B880E0-F29A-43CC-AA33-FC1D08511F34}.Debug|Any CPU.Build.0 = Debug|Any CPU
		{51B880E0-F29A-43CC-AA33-FC1D08511F34}.Release|Any CPU.ActiveCfg = Release|Any CPU
		{51B880E0-F29A-43CC-AA33-FC1D08511F34}.Release|Any CPU.Build.0 = Release|Any CPU
	EndGlobalSection
	GlobalSection(SolutionProperties) = preSolution
		HideSolutionNode = FALSE
	EndGlobalSection
	GlobalSection(ExtensibilityGlobals) = postSolution
		SolutionGuid = {783117A0-7800-46E8-AD83-2C7BDDC4D387}
	EndGlobalSection
EndGlobal
