
Microsoft Visual Studio Solution File, Format Version 12.00
# Visual Studio Version 17
VisualStudioVersion = 17.2.32630.192
MinimumVisualStudioVersion = 10.0.40219.1
Project("{9A19103F-16F7-4668-BE54-9A1E7A4F7556}") = "Day1", "Day1\Day1.csproj", "{F9952144-F724-4FB1-A26B-EF120E5FA984}"
EndProject
Project("{9A19103F-16F7-4668-BE54-9A1E7A4F7556}") = "Common", "..\common\Common.csproj", "{B823F2BE-785A-47E6-B72B-FB27D401F1D0}"
EndProject
Project("{9A19103F-16F7-4668-BE54-9A1E7A4F7556}") = "Day2", "Day2\Day2.csproj", "{94C40258-72EF-4ADF-8647-DD7438AD2153}"
EndProject
Project("{9A19103F-16F7-4668-BE54-9A1E7A4F7556}") = "Day3", "Day3\Day3.csproj", "{9769527E-D203-44D1-8AFF-2DC0EA1A05A4}"
EndProject
Project("{9A19103F-16F7-4668-BE54-9A1E7A4F7556}") = "Day4", "Day4\Day4.csproj", "{B7F2A798-DF4E-4237-A0C2-5CC390881779}"
EndProject
Project("{9A19103F-16F7-4668-BE54-9A1E7A4F7556}") = "Day5", "Day5\Day5.csproj", "{7DED58CF-68E8-46E1-9139-1A4819ABFF69}"
EndProject
Project("{9A19103F-16F7-4668-BE54-9A1E7A4F7556}") = "Day6", "Day6\Day6.csproj", "{20A8B9E2-D081-4929-A720-1F8A3C494FE1}"
EndProject
Project("{FAE04EC0-301F-11D3-BF4B-00C04F79EFBC}") = "Day7", "Day7\Day7.csproj", "{B9B62CF1-90FE-4032-AC1B-5B7B1DEC639D}"
EndProject
Global
	GlobalSection(SolutionConfigurationPlatforms) = preSolution
		Debug|Any CPU = Debug|Any CPU
		Release|Any CPU = Release|Any CPU
	EndGlobalSection
	GlobalSection(ProjectConfigurationPlatforms) = postSolution
		{F9952144-F724-4FB1-A26B-EF120E5FA984}.Debug|Any CPU.ActiveCfg = Debug|Any CPU
		{F9952144-F724-4FB1-A26B-EF120E5FA984}.Debug|Any CPU.Build.0 = Debug|Any CPU
		{F9952144-F724-4FB1-A26B-EF120E5FA984}.Release|Any CPU.ActiveCfg = Release|Any CPU
		{F9952144-F724-4FB1-A26B-EF120E5FA984}.Release|Any CPU.Build.0 = Release|Any CPU
		{B823F2BE-785A-47E6-B72B-FB27D401F1D0}.Debug|Any CPU.ActiveCfg = Debug|Any CPU
		{B823F2BE-785A-47E6-B72B-FB27D401F1D0}.Debug|Any CPU.Build.0 = Debug|Any CPU
		{B823F2BE-785A-47E6-B72B-FB27D401F1D0}.Release|Any CPU.ActiveCfg = Release|Any CPU
		{B823F2BE-785A-47E6-B72B-FB27D401F1D0}.Release|Any CPU.Build.0 = Release|Any CPU
		{94C40258-72EF-4ADF-8647-DD7438AD2153}.Debug|Any CPU.ActiveCfg = Debug|Any CPU
		{94C40258-72EF-4ADF-8647-DD7438AD2153}.Debug|Any CPU.Build.0 = Debug|Any CPU
		{94C40258-72EF-4ADF-8647-DD7438AD2153}.Release|Any CPU.ActiveCfg = Release|Any CPU
		{94C40258-72EF-4ADF-8647-DD7438AD2153}.Release|Any CPU.Build.0 = Release|Any CPU
		{9769527E-D203-44D1-8AFF-2DC0EA1A05A4}.Debug|Any CPU.ActiveCfg = Debug|Any CPU
		{9769527E-D203-44D1-8AFF-2DC0EA1A05A4}.Debug|Any CPU.Build.0 = Debug|Any CPU
		{9769527E-D203-44D1-8AFF-2DC0EA1A05A4}.Release|Any CPU.ActiveCfg = Release|Any CPU
		{9769527E-D203-44D1-8AFF-2DC0EA1A05A4}.Release|Any CPU.Build.0 = Release|Any CPU
		{B7F2A798-DF4E-4237-A0C2-5CC390881779}.Debug|Any CPU.ActiveCfg = Debug|Any CPU
		{B7F2A798-DF4E-4237-A0C2-5CC390881779}.Debug|Any CPU.Build.0 = Debug|Any CPU
		{B7F2A798-DF4E-4237-A0C2-5CC390881779}.Release|Any CPU.ActiveCfg = Release|Any CPU
		{B7F2A798-DF4E-4237-A0C2-5CC390881779}.Release|Any CPU.Build.0 = Release|Any CPU
		{7DED58CF-68E8-46E1-9139-1A4819ABFF69}.Debug|Any CPU.ActiveCfg = Debug|Any CPU
		{7DED58CF-68E8-46E1-9139-1A4819ABFF69}.Debug|Any CPU.Build.0 = Debug|Any CPU
		{7DED58CF-68E8-46E1-9139-1A4819ABFF69}.Release|Any CPU.ActiveCfg = Release|Any CPU
		{7DED58CF-68E8-46E1-9139-1A4819ABFF69}.Release|Any CPU.Build.0 = Release|Any CPU
		{20A8B9E2-D081-4929-A720-1F8A3C494FE1}.Debug|Any CPU.ActiveCfg = Debug|Any CPU
		{20A8B9E2-D081-4929-A720-1F8A3C494FE1}.Debug|Any CPU.Build.0 = Debug|Any CPU
		{20A8B9E2-D081-4929-A720-1F8A3C494FE1}.Release|Any CPU.ActiveCfg = Release|Any CPU
		{20A8B9E2-D081-4929-A720-1F8A3C494FE1}.Release|Any CPU.Build.0 = Release|Any CPU
		{B9B62CF1-90FE-4032-AC1B-5B7B1DEC639D}.Debug|Any CPU.ActiveCfg = Debug|Any CPU
		{B9B62CF1-90FE-4032-AC1B-5B7B1DEC639D}.Debug|Any CPU.Build.0 = Debug|Any CPU
		{B9B62CF1-90FE-4032-AC1B-5B7B1DEC639D}.Release|Any CPU.ActiveCfg = Release|Any CPU
		{B9B62CF1-90FE-4032-AC1B-5B7B1DEC639D}.Release|Any CPU.Build.0 = Release|Any CPU
	EndGlobalSection
	GlobalSection(SolutionProperties) = preSolution
		HideSolutionNode = FALSE
	EndGlobalSection
	GlobalSection(ExtensibilityGlobals) = postSolution
		SolutionGuid = {783117A0-7800-46E8-AD83-2C7BDDC4D387}
	EndGlobalSection
EndGlobal
