
Microsoft Visual Studio Solution File, Format Version 12.00
# Visual Studio Version 16
VisualStudioVersion = 16.0.31702.278
MinimumVisualStudioVersion = 10.0.40219.1
Project("{9A19103F-16F7-4668-BE54-9A1E7A4F7556}") = "Day1", "Day1\Day1.csproj", "{DD7FE698-BE28-4407-9D1A-4532824E9716}"
EndProject
Project("{9A19103F-16F7-4668-BE54-9A1E7A4F7556}") = "Common", "..\common\Common.csproj", "{77F45696-3EAD-4254-8884-E37DFA1B36D5}"
EndProject
Project("{9A19103F-16F7-4668-BE54-9A1E7A4F7556}") = "Day2", "Day2\Day2.csproj", "{13547AF0-6418-4015-83FC-0FC2CB52169D}"
EndProject
Project("{9A19103F-16F7-4668-BE54-9A1E7A4F7556}") = "Day3", "Day3\Day3.csproj", "{1881F7EC-696A-49F9-8EEF-D655B52B3736}"
EndProject
Project("{9A19103F-16F7-4668-BE54-9A1E7A4F7556}") = "Day4", "Day4\Day4.csproj", "{394395F5-BDBA-49BD-845F-2854DD836106}"
EndProject
Project("{9A19103F-16F7-4668-BE54-9A1E7A4F7556}") = "Day5", "Day5\Day5.csproj", "{D5C46630-0DC3-4156-81C3-5AAF2A872D1D}"
EndProject
Project("{9A19103F-16F7-4668-BE54-9A1E7A4F7556}") = "Day6", "Day6\Day6.csproj", "{E4EDCA08-7573-48A7-B3EC-F1782FCAB229}"
EndProject
Project("{9A19103F-16F7-4668-BE54-9A1E7A4F7556}") = "Day7", "Day7\Day7.csproj", "{E82BE9A1-20A1-4D8F-AF78-F5CF85C79D5B}"
EndProject
Project("{9A19103F-16F7-4668-BE54-9A1E7A4F7556}") = "Day8", "Day8\Day8.csproj", "{8D2B7126-984A-4BB5-916B-BD7FC82BE3C9}"
EndProject
Project("{FAE04EC0-301F-11D3-BF4B-00C04F79EFBC}") = "Day9", "Day9\Day9.csproj", "{3E0AED99-C08A-4BFC-802D-A9082DC777DA}"
EndProject
Global
	GlobalSection(SolutionConfigurationPlatforms) = preSolution
		Debug|Any CPU = Debug|Any CPU
		Release|Any CPU = Release|Any CPU
	EndGlobalSection
	GlobalSection(ProjectConfigurationPlatforms) = postSolution
		{DD7FE698-BE28-4407-9D1A-4532824E9716}.Debug|Any CPU.ActiveCfg = Debug|Any CPU
		{DD7FE698-BE28-4407-9D1A-4532824E9716}.Debug|Any CPU.Build.0 = Debug|Any CPU
		{DD7FE698-BE28-4407-9D1A-4532824E9716}.Release|Any CPU.ActiveCfg = Release|Any CPU
		{DD7FE698-BE28-4407-9D1A-4532824E9716}.Release|Any CPU.Build.0 = Release|Any CPU
		{77F45696-3EAD-4254-8884-E37DFA1B36D5}.Debug|Any CPU.ActiveCfg = Debug|Any CPU
		{77F45696-3EAD-4254-8884-E37DFA1B36D5}.Debug|Any CPU.Build.0 = Debug|Any CPU
		{77F45696-3EAD-4254-8884-E37DFA1B36D5}.Release|Any CPU.ActiveCfg = Release|Any CPU
		{77F45696-3EAD-4254-8884-E37DFA1B36D5}.Release|Any CPU.Build.0 = Release|Any CPU
		{13547AF0-6418-4015-83FC-0FC2CB52169D}.Debug|Any CPU.ActiveCfg = Debug|Any CPU
		{13547AF0-6418-4015-83FC-0FC2CB52169D}.Debug|Any CPU.Build.0 = Debug|Any CPU
		{13547AF0-6418-4015-83FC-0FC2CB52169D}.Release|Any CPU.ActiveCfg = Release|Any CPU
		{13547AF0-6418-4015-83FC-0FC2CB52169D}.Release|Any CPU.Build.0 = Release|Any CPU
		{1881F7EC-696A-49F9-8EEF-D655B52B3736}.Debug|Any CPU.ActiveCfg = Debug|Any CPU
		{1881F7EC-696A-49F9-8EEF-D655B52B3736}.Debug|Any CPU.Build.0 = Debug|Any CPU
		{1881F7EC-696A-49F9-8EEF-D655B52B3736}.Release|Any CPU.ActiveCfg = Release|Any CPU
		{1881F7EC-696A-49F9-8EEF-D655B52B3736}.Release|Any CPU.Build.0 = Release|Any CPU
		{394395F5-BDBA-49BD-845F-2854DD836106}.Debug|Any CPU.ActiveCfg = Debug|Any CPU
		{394395F5-BDBA-49BD-845F-2854DD836106}.Debug|Any CPU.Build.0 = Debug|Any CPU
		{394395F5-BDBA-49BD-845F-2854DD836106}.Release|Any CPU.ActiveCfg = Release|Any CPU
		{394395F5-BDBA-49BD-845F-2854DD836106}.Release|Any CPU.Build.0 = Release|Any CPU
		{D5C46630-0DC3-4156-81C3-5AAF2A872D1D}.Debug|Any CPU.ActiveCfg = Debug|Any CPU
		{D5C46630-0DC3-4156-81C3-5AAF2A872D1D}.Debug|Any CPU.Build.0 = Debug|Any CPU
		{D5C46630-0DC3-4156-81C3-5AAF2A872D1D}.Release|Any CPU.ActiveCfg = Release|Any CPU
		{D5C46630-0DC3-4156-81C3-5AAF2A872D1D}.Release|Any CPU.Build.0 = Release|Any CPU
		{E4EDCA08-7573-48A7-B3EC-F1782FCAB229}.Debug|Any CPU.ActiveCfg = Debug|Any CPU
		{E4EDCA08-7573-48A7-B3EC-F1782FCAB229}.Debug|Any CPU.Build.0 = Debug|Any CPU
		{E4EDCA08-7573-48A7-B3EC-F1782FCAB229}.Release|Any CPU.ActiveCfg = Release|Any CPU
		{E4EDCA08-7573-48A7-B3EC-F1782FCAB229}.Release|Any CPU.Build.0 = Release|Any CPU
		{E82BE9A1-20A1-4D8F-AF78-F5CF85C79D5B}.Debug|Any CPU.ActiveCfg = Debug|Any CPU
		{E82BE9A1-20A1-4D8F-AF78-F5CF85C79D5B}.Debug|Any CPU.Build.0 = Debug|Any CPU
		{E82BE9A1-20A1-4D8F-AF78-F5CF85C79D5B}.Release|Any CPU.ActiveCfg = Release|Any CPU
		{E82BE9A1-20A1-4D8F-AF78-F5CF85C79D5B}.Release|Any CPU.Build.0 = Release|Any CPU
		{8D2B7126-984A-4BB5-916B-BD7FC82BE3C9}.Debug|Any CPU.ActiveCfg = Debug|Any CPU
		{8D2B7126-984A-4BB5-916B-BD7FC82BE3C9}.Debug|Any CPU.Build.0 = Debug|Any CPU
		{8D2B7126-984A-4BB5-916B-BD7FC82BE3C9}.Release|Any CPU.ActiveCfg = Release|Any CPU
		{8D2B7126-984A-4BB5-916B-BD7FC82BE3C9}.Release|Any CPU.Build.0 = Release|Any CPU
		{3E0AED99-C08A-4BFC-802D-A9082DC777DA}.Debug|Any CPU.ActiveCfg = Debug|Any CPU
		{3E0AED99-C08A-4BFC-802D-A9082DC777DA}.Debug|Any CPU.Build.0 = Debug|Any CPU
		{3E0AED99-C08A-4BFC-802D-A9082DC777DA}.Release|Any CPU.ActiveCfg = Release|Any CPU
		{3E0AED99-C08A-4BFC-802D-A9082DC777DA}.Release|Any CPU.Build.0 = Release|Any CPU
	EndGlobalSection
	GlobalSection(SolutionProperties) = preSolution
		HideSolutionNode = FALSE
	EndGlobalSection
	GlobalSection(ExtensibilityGlobals) = postSolution
		SolutionGuid = {BB42E534-D5C8-4F1D-9617-962F1AE3A6B0}
	EndGlobalSection
EndGlobal
